
Microsoft Visual Studio Solution File, Format Version 12.00
# Visual Studio Version 17
VisualStudioVersion = 17.8.34316.72
MinimumVisualStudioVersion = 10.0.40219.1
Project("{FAE04EC0-301F-11D3-BF4B-00C04F79EFBC}") = "ScreenSound", "ScreenSound\ScreenSound.csproj", "{81FDA426-7C82-4F41-9CC0-BF4AD7C00ED5}"
EndProject
Global
	GlobalSection(SolutionConfigurationPlatforms) = preSolution
		Debug|Any CPU = Debug|Any CPU
		Release|Any CPU = Release|Any CPU
	EndGlobalSection
	GlobalSection(ProjectConfigurationPlatforms) = postSolution
		{81FDA426-7C82-4F41-9CC0-BF4AD7C00ED5}.Debug|Any CPU.ActiveCfg = Debug|Any CPU
		{81FDA426-7C82-4F41-9CC0-BF4AD7C00ED5}.Debug|Any CPU.Build.0 = Debug|Any CPU
		{81FDA426-7C82-4F41-9CC0-BF4AD7C00ED5}.Release|Any CPU.ActiveCfg = Release|Any CPU
		{81FDA426-7C82-4F41-9CC0-BF4AD7C00ED5}.Release|Any CPU.Build.0 = Release|Any CPU
	EndGlobalSection
	GlobalSection(SolutionProperties) = preSolution
		HideSolutionNode = FALSE
	EndGlobalSection
	GlobalSection(ExtensibilityGlobals) = postSolution
		SolutionGuid = {E1DC501A-47EE-424C-8DC1-3EDB9C85CFEA}
	EndGlobalSection
EndGlobal
